// !$*UTF8*$!
{
	archiveVersion = 1;
	classes = {
	};
	objectVersion = 46;
	objects = {

/* Begin PBXGroup section */
		2EB6BD0A1407D7770009762C = {
			isa = PBXGroup;
			children = (
			);
			sourceTree = "<group>";
		};
/* End PBXGroup section */

/* Begin PBXProject section */
		2EB6BD0C1407D7770009762C /* Project object */ = {
			isa = PBXProject;
			attributes = {
				ORGANIZATIONNAME = fsefsef;
			};
			buildConfigurationList = 2EB6BD0F1407D7770009762C /* Build configuration list for PBXProject "SSL-Strip-Helper" */;
			compatibilityVersion = "Xcode 3.2";
			developmentRegion = English;
			hasScannedForEncodings = 0;
			knownRegions = (
				en,
			);
			mainGroup = 2EB6BD0A1407D7770009762C;
			projectDirPath = "";
			projectRoot = "";
			targets = (
			);
		};
/* End PBXProject section */

/* Begin XCBuildConfiguration section */
		2EB6BD111407D7770009762C /* Debug */ = {
			isa = XCBuildConfiguration;
			buildSettings = {
			};
			name = Debug;
		};
		2EB6BD121407D7770009762C /* Release */ = {
			isa = XCBuildConfiguration;
			buildSettings = {
			};
			name = Release;
		};
/* End XCBuildConfiguration section */

/* Begin XCConfigurationList section */
		2EB6BD0F1407D7770009762C /* Build configuration list for PBXProject "SSL-Strip-Helper" */ = {
			isa = XCConfigurationList;
			buildConfigurations = (
				2EB6BD111407D7770009762C /* Debug */,
				2EB6BD121407D7770009762C /* Release */,
			);
			defaultConfigurationIsVisible = 0;
			defaultConfigurationName = Release;
		};
/* End XCConfigurationList section */
	};
	rootObject = 2EB6BD0C1407D7770009762C /* Project object */;
}
